
Microsoft Visual Studio Solution File, Format Version 12.00
# Visual Studio Version 16
VisualStudioVersion = 16.0.29215.179
MinimumVisualStudioVersion = 10.0.40219.1
Project("{FAE04EC0-301F-11D3-BF4B-00C04F79EFBC}") = "Basic Calculator", "Basic Calculator\Basic Calculator.csproj", "{6738972F-6753-4FA1-9413-C116F8D10BC6}"
EndProject
Global
	GlobalSection(SolutionConfigurationPlatforms) = preSolution
		Debug|Any CPU = Debug|Any CPU
		Release|Any CPU = Release|Any CPU
	EndGlobalSection
	GlobalSection(ProjectConfigurationPlatforms) = postSolution
		{6738972F-6753-4FA1-9413-C116F8D10BC6}.Debug|Any CPU.ActiveCfg = Debug|Any CPU
		{6738972F-6753-4FA1-9413-C116F8D10BC6}.Debug|Any CPU.Build.0 = Debug|Any CPU
		{6738972F-6753-4FA1-9413-C116F8D10BC6}.Release|Any CPU.ActiveCfg = Release|Any CPU
		{6738972F-6753-4FA1-9413-C116F8D10BC6}.Release|Any CPU.Build.0 = Release|Any CPU
	EndGlobalSection
	GlobalSection(SolutionProperties) = preSolution
		HideSolutionNode = FALSE
	EndGlobalSection
	GlobalSection(ExtensibilityGlobals) = postSolution
		SolutionGuid = {99B172F4-410C-46F1-8097-460830A3BFC0}
	EndGlobalSection
EndGlobal
